
Microsoft Visual Studio Solution File, Format Version 12.00
# Visual Studio Version 17
VisualStudioVersion = 17.12.35527.113
MinimumVisualStudioVersion = 10.0.40219.1
Project("{FAE04EC0-301F-11D3-BF4B-00C04F79EFBC}") = "InIWorkspace", "LaserMarkingSystem\InIWorkspace.csproj", "{CBECD8ED-46C4-4C6B-94D4-A6EB0DA420D1}"
EndProject
Project("{FAE04EC0-301F-11D3-BF4B-00C04F79EFBC}") = "Infini.Draw2D.Core", "Draw2D.Core\Infini.Draw2D.Core.csproj", "{0176CD8E-8951-47EC-A109-B0F0A23A3DF3}"
EndProject
Project("{FAE04EC0-301F-11D3-BF4B-00C04F79EFBC}") = "Infini.Draw2DControlLibrary", "Draw2DControlLibrary\Infini.Draw2DControlLibrary.csproj", "{8385A37A-710D-4CA7-9A4B-049E198B4686}"
EndProject
Project("{FAE04EC0-301F-11D3-BF4B-00C04F79EFBC}") = "SixLabors.Core", "SixLabors\Core\src\SixLabors.Core\SixLabors.Core.csproj", "{C571F86F-1EF7-47F4-B4BF-B162A20B3DD9}"
EndProject
Project("{FAE04EC0-301F-11D3-BF4B-00C04F79EFBC}") = "SixLabors.Shapes", "SixLabors\Shapes\src\SixLabors.Shapes\SixLabors.Shapes.csproj", "{047D9D1E-D737-43E3-82AF-F57A2F2260F4}"
EndProject
Global
	GlobalSection(SolutionConfigurationPlatforms) = preSolution
		Debug|Any CPU = Debug|Any CPU
		Release|Any CPU = Release|Any CPU
	EndGlobalSection
	GlobalSection(ProjectConfigurationPlatforms) = postSolution
		{CBECD8ED-46C4-4C6B-94D4-A6EB0DA420D1}.Debug|Any CPU.ActiveCfg = Debug|Any CPU
		{CBECD8ED-46C4-4C6B-94D4-A6EB0DA420D1}.Debug|Any CPU.Build.0 = Debug|Any CPU
		{CBECD8ED-46C4-4C6B-94D4-A6EB0DA420D1}.Release|Any CPU.ActiveCfg = Release|Any CPU
		{CBECD8ED-46C4-4C6B-94D4-A6EB0DA420D1}.Release|Any CPU.Build.0 = Release|Any CPU
		{0176CD8E-8951-47EC-A109-B0F0A23A3DF3}.Debug|Any CPU.ActiveCfg = Debug|Any CPU
		{0176CD8E-8951-47EC-A109-B0F0A23A3DF3}.Debug|Any CPU.Build.0 = Debug|Any CPU
		{0176CD8E-8951-47EC-A109-B0F0A23A3DF3}.Release|Any CPU.ActiveCfg = Release|Any CPU
		{0176CD8E-8951-47EC-A109-B0F0A23A3DF3}.Release|Any CPU.Build.0 = Release|Any CPU
		{8385A37A-710D-4CA7-9A4B-049E198B4686}.Debug|Any CPU.ActiveCfg = Debug|Any CPU
		{8385A37A-710D-4CA7-9A4B-049E198B4686}.Debug|Any CPU.Build.0 = Debug|Any CPU
		{8385A37A-710D-4CA7-9A4B-049E198B4686}.Release|Any CPU.ActiveCfg = Release|Any CPU
		{8385A37A-710D-4CA7-9A4B-049E198B4686}.Release|Any CPU.Build.0 = Release|Any CPU
		{C571F86F-1EF7-47F4-B4BF-B162A20B3DD9}.Debug|Any CPU.ActiveCfg = Debug|Any CPU
		{C571F86F-1EF7-47F4-B4BF-B162A20B3DD9}.Debug|Any CPU.Build.0 = Debug|Any CPU
		{C571F86F-1EF7-47F4-B4BF-B162A20B3DD9}.Release|Any CPU.ActiveCfg = Release|Any CPU
		{C571F86F-1EF7-47F4-B4BF-B162A20B3DD9}.Release|Any CPU.Build.0 = Release|Any CPU
		{047D9D1E-D737-43E3-82AF-F57A2F2260F4}.Debug|Any CPU.ActiveCfg = Debug|Any CPU
		{047D9D1E-D737-43E3-82AF-F57A2F2260F4}.Debug|Any CPU.Build.0 = Debug|Any CPU
		{047D9D1E-D737-43E3-82AF-F57A2F2260F4}.Release|Any CPU.ActiveCfg = Release|Any CPU
		{047D9D1E-D737-43E3-82AF-F57A2F2260F4}.Release|Any CPU.Build.0 = Release|Any CPU
	EndGlobalSection
	GlobalSection(SolutionProperties) = preSolution
		HideSolutionNode = FALSE
	EndGlobalSection
EndGlobal
